{
  "name": "ObsidianSearch",
  "lockfileVersion": 3,
  "requires": true,
  "packages": {
    "": {
      "dependencies": {
        "pinyin-pro": "^3.19.5"
      }
    },
    "node_modules/pinyin-pro": {
      "version": "3.19.5",
      "resolved": "https://registry.npmjs.org/pinyin-pro/-/pinyin-pro-3.19.5.tgz",
      "integrity": "sha512-cklxUx9S2EBr9N25XgdihSPHLKvwsQ3i3a8YdbtYr56XYMcyRsAH7dS3wdIeRazvg94qcW/3TTu0EKTtiVFXcQ=="
    }
  }
}
