{
  "name": "ObsidianSearch",
  "lockfileVersion": 3,
  "requires": true,
  "packages": {
    "": {
      "dependencies": {
        "lodash": "^4.17.21",
        "pinyin-pro": "^3.19.5"
      }
    },
    "node_modules/lodash": {
      "version": "4.17.21",
      "resolved": "https://registry.npmjs.org/lodash/-/lodash-4.17.21.tgz",
      "integrity": "sha512-v2kDEe57lecTulaDIuNTPy3Ry4gLGJ6Z1O3vE1krgXZNrsQ+LFTGHVxVjcXPs17LhbZVGedAJv8XZ1tvj5FvSg=="
    },
    "node_modules/pinyin-pro": {
      "version": "3.19.5",
      "resolved": "https://registry.npmjs.org/pinyin-pro/-/pinyin-pro-3.19.5.tgz",
      "integrity": "sha512-cklxUx9S2EBr9N25XgdihSPHLKvwsQ3i3a8YdbtYr56XYMcyRsAH7dS3wdIeRazvg94qcW/3TTu0EKTtiVFXcQ=="
    }
  }
}
